<?xml version="1.0" encoding="utf-8"?>
<Project ToolsVersion="4.0" xmlns="http://schemas.microsoft.com/developer/msbuild/2003">
  <ItemGroup>
    <Filter Include="Headers">
      <UniqueIdentifier>{c2ec275e-902e-4bb6-bc1e-9d6d8e0d206d}</UniqueIdentifier>
    </Filter>
    <Filter Include="Sources">
      <UniqueIdentifier>{b00a8ef1-3b0f-40ca-bb0e-d83fdda7e07f}</UniqueIdentifier>
    </Filter>
  </ItemGroup>
  <ItemGroup>
    <ClInclude Include="code\headers\CInputHandler.h">
      <Filter>Headers</Filter>
    </ClInclude>
  </ItemGroup>
  <ItemGroup>
    <ClCompile Include="code\sources\CInputHandler.cpp">
      <Filter>Sources</Filter>
    </ClCompile>
  </ItemGroup>
</Project>